// !$*UTF8*$!
{
	archiveVersion = 1;
	classes = {
	};
	objectVersion = 56;
	objects = {

/* Begin PBXBuildFile section */
		A10000000000000000000001 /* MicStatusAIApp.swift in Sources */ = {isa = PBXBuildFile; fileRef = A20000000000000000000001 /* MicStatusAIApp.swift */; };
		A10000000000000000000002 /* MicrophoneStatusModel.swift in Sources */ = {isa = PBXBuildFile; fileRef = A20000000000000000000002 /* MicrophoneStatusModel.swift */; };
		A10000000000000000000003 /* CoreAudioMicrophone.swift in Sources */ = {isa = PBXBuildFile; fileRef = A20000000000000000000003 /* CoreAudioMicrophone.swift */; };
		A10000000000000000000004 /* HotKeyManager.swift in Sources */ = {isa = PBXBuildFile; fileRef = A20000000000000000000004 /* HotKeyManager.swift */; };
		A10000000000000000000005 /* HotKeySettingsView.swift in Sources */ = {isa = PBXBuildFile; fileRef = A20000000000000000000005 /* HotKeySettingsView.swift */; };
		A10000000000000000000008 /* HotKeyRecorderView.swift in Sources */ = {isa = PBXBuildFile; fileRef = A20000000000000000000010 /* HotKeyRecorderView.swift */; };
		A10000000000000000000006 /* CoreAudio.framework in Frameworks */ = {isa = PBXBuildFile; fileRef = A20000000000000000000007 /* CoreAudio.framework */; };
		A10000000000000000000007 /* Carbon.framework in Frameworks */ = {isa = PBXBuildFile; fileRef = A20000000000000000000008 /* Carbon.framework */; };
/* End PBXBuildFile section */

/* Begin PBXFileReference section */
		A20000000000000000000001 /* MicStatusAIApp.swift */ = {isa = PBXFileReference; lastKnownFileType = sourcecode.swift; path = MicStatusAIApp.swift; sourceTree = "<group>"; };
		A20000000000000000000002 /* MicrophoneStatusModel.swift */ = {isa = PBXFileReference; lastKnownFileType = sourcecode.swift; path = MicrophoneStatusModel.swift; sourceTree = "<group>"; };
		A20000000000000000000003 /* CoreAudioMicrophone.swift */ = {isa = PBXFileReference; lastKnownFileType = sourcecode.swift; path = CoreAudioMicrophone.swift; sourceTree = "<group>"; };
		A20000000000000000000004 /* HotKeyManager.swift */ = {isa = PBXFileReference; lastKnownFileType = sourcecode.swift; path = HotKeyManager.swift; sourceTree = "<group>"; };
		A20000000000000000000005 /* HotKeySettingsView.swift */ = {isa = PBXFileReference; lastKnownFileType = sourcecode.swift; path = HotKeySettingsView.swift; sourceTree = "<group>"; };
		A20000000000000000000010 /* HotKeyRecorderView.swift */ = {isa = PBXFileReference; lastKnownFileType = sourcecode.swift; path = HotKeyRecorderView.swift; sourceTree = "<group>"; };
		A20000000000000000000006 /* Info.plist */ = {isa = PBXFileReference; lastKnownFileType = text.plist.xml; path = Info.plist; sourceTree = "<group>"; };
		A20000000000000000000007 /* CoreAudio.framework */ = {isa = PBXFileReference; lastKnownFileType = wrapper.framework; name = CoreAudio.framework; path = System/Library/Frameworks/CoreAudio.framework; sourceTree = SDKROOT; };
		A20000000000000000000008 /* Carbon.framework */ = {isa = PBXFileReference; lastKnownFileType = wrapper.framework; name = Carbon.framework; path = System/Library/Frameworks/Carbon.framework; sourceTree = SDKROOT; };
		A20000000000000000000009 /* MicStatusAI.app */ = {isa = PBXFileReference; explicitFileType = wrapper.application; includeInIndex = 0; path = MicStatusAI.app; sourceTree = BUILT_PRODUCTS_DIR; };
/* End PBXFileReference section */

/* Begin PBXFrameworksBuildPhase section */
		A30000000000000000000001 /* Frameworks */ = {
			isa = PBXFrameworksBuildPhase;
			buildActionMask = 2147483647;
			files = (
				A10000000000000000000006 /* CoreAudio.framework in Frameworks */,
				A10000000000000000000007 /* Carbon.framework in Frameworks */,
			);
			runOnlyForDeploymentPostprocessing = 0;
		};
/* End PBXFrameworksBuildPhase section */

/* Begin PBXGroup section */
		A40000000000000000000001 = {
			isa = PBXGroup;
			children = (
				A40000000000000000000002 /* MicStatusAI */,
				A40000000000000000000003 /* Frameworks */,
				A40000000000000000000004 /* Products */,
			);
			sourceTree = "<group>";
		};
		A40000000000000000000002 /* MicStatusAI */ = {
			isa = PBXGroup;
			children = (
				A20000000000000000000001 /* MicStatusAIApp.swift */,
				A20000000000000000000002 /* MicrophoneStatusModel.swift */,
				A20000000000000000000003 /* CoreAudioMicrophone.swift */,
				A20000000000000000000004 /* HotKeyManager.swift */,
				A20000000000000000000005 /* HotKeySettingsView.swift */,
				A20000000000000000000010 /* HotKeyRecorderView.swift */,
				A20000000000000000000006 /* Info.plist */,
			);
			path = MicStatusAI;
			sourceTree = "<group>";
		};
		A40000000000000000000003 /* Frameworks */ = {
			isa = PBXGroup;
			children = (
				A20000000000000000000007 /* CoreAudio.framework */,
				A20000000000000000000008 /* Carbon.framework */,
			);
			name = Frameworks;
			sourceTree = "<group>";
		};
		A40000000000000000000004 /* Products */ = {
			isa = PBXGroup;
			children = (
				A20000000000000000000009 /* MicStatusAI.app */,
			);
			name = Products;
			sourceTree = "<group>";
		};
/* End PBXGroup section */

/* Begin PBXNativeTarget section */
		A50000000000000000000001 /* MicStatusAI */ = {
			isa = PBXNativeTarget;
			buildConfigurationList = A90000000000000000000002 /* Build configuration list for PBXNativeTarget "MicStatusAI" */;
			buildPhases = (
				A30000000000000000000004 /* SwiftLint */,
				A30000000000000000000002 /* Sources */,
				A30000000000000000000001 /* Frameworks */,
				A30000000000000000000003 /* Resources */,
			);
			buildRules = (
			);
			dependencies = (
			);
			name = MicStatusAI;
			productName = MicStatusAI;
			productReference = A20000000000000000000009 /* MicStatusAI.app */;
			productType = "com.apple.product-type.application";
		};
/* End PBXNativeTarget section */

/* Begin PBXProject section */
		A60000000000000000000001 /* Project object */ = {
			isa = PBXProject;
			attributes = {
				BuildIndependentTargetsInParallel = 1;
				LastSwiftUpdateCheck = 2660;
				LastUpgradeCheck = 2660;
				TargetAttributes = {
					A50000000000000000000001 = {
						CreatedOnToolsVersion = 26.6;
					};
				};
			};
			buildConfigurationList = A90000000000000000000001 /* Build configuration list for PBXProject "MicStatusAI" */;
			compatibilityVersion = "Xcode 14.0";
			developmentRegion = en;
			hasScannedForEncodings = 0;
			knownRegions = (
				en,
				Base,
			);
			mainGroup = A40000000000000000000001;
			productRefGroup = A40000000000000000000004 /* Products */;
			projectDirPath = "";
			projectRoot = "";
			targets = (
				A50000000000000000000001 /* MicStatusAI */,
			);
		};
/* End PBXProject section */

/* Begin PBXResourcesBuildPhase section */
		A30000000000000000000003 /* Resources */ = {
			isa = PBXResourcesBuildPhase;
			buildActionMask = 2147483647;
			files = (
			);
			runOnlyForDeploymentPostprocessing = 0;
		};
/* End PBXResourcesBuildPhase section */

/* Begin PBXShellScriptBuildPhase section */
		A30000000000000000000004 /* SwiftLint */ = {
			isa = PBXShellScriptBuildPhase;
			alwaysOutOfDate = 1;
			buildActionMask = 2147483647;
			files = (
			);
			inputPaths = (
			);
			name = SwiftLint;
			outputPaths = (
			);
			runOnlyForDeploymentPostprocessing = 0;
			shellPath = /bin/sh;
			shellScript = "export PATH=\"/opt/homebrew/bin:/usr/local/bin:$PATH\"\nif ! command -v swiftlint >/dev/null 2>&1; then\n  echo \"error: SwiftLint not installed. Run: brew install swiftlint\"\n  exit 1\nfi\nswiftlint lint --config \"$SRCROOT/.swiftlint.yml\"\n";
			showEnvVarsInLog = 0;
		};
/* End PBXShellScriptBuildPhase section */

/* Begin PBXSourcesBuildPhase section */
		A30000000000000000000002 /* Sources */ = {
			isa = PBXSourcesBuildPhase;
			buildActionMask = 2147483647;
			files = (
				A10000000000000000000001 /* MicStatusAIApp.swift in Sources */,
				A10000000000000000000002 /* MicrophoneStatusModel.swift in Sources */,
				A10000000000000000000003 /* CoreAudioMicrophone.swift in Sources */,
				A10000000000000000000004 /* HotKeyManager.swift in Sources */,
				A10000000000000000000005 /* HotKeySettingsView.swift in Sources */,
				A10000000000000000000008 /* HotKeyRecorderView.swift in Sources */,
			);
			runOnlyForDeploymentPostprocessing = 0;
		};
/* End PBXSourcesBuildPhase section */

/* Begin XCBuildConfiguration section */
		A80000000000000000000001 /* Debug */ = {
			isa = XCBuildConfiguration;
			buildSettings = {
				CLANG_ENABLE_MODULES = YES;
				CLANG_ENABLE_OBJC_ARC = YES;
				MACOSX_DEPLOYMENT_TARGET = 15.0;
				SDKROOT = macosx;
				SWIFT_VERSION = 6.0;
			};
			name = Debug;
		};
		A80000000000000000000002 /* Release */ = {
			isa = XCBuildConfiguration;
			buildSettings = {
				CLANG_ENABLE_MODULES = YES;
				CLANG_ENABLE_OBJC_ARC = YES;
				MACOSX_DEPLOYMENT_TARGET = 15.0;
				SDKROOT = macosx;
				SWIFT_COMPILATION_MODE = wholemodule;
				SWIFT_OPTIMIZATION_LEVEL = "-O";
				SWIFT_VERSION = 6.0;
			};
			name = Release;
		};
		A80000000000000000000003 /* Debug */ = {
			isa = XCBuildConfiguration;
			buildSettings = {
				CODE_SIGN_STYLE = Automatic;
				CURRENT_PROJECT_VERSION = 1;
				DEAD_CODE_STRIPPING = YES;
				ENABLE_HARDENED_RUNTIME = YES;
				ENABLE_USER_SCRIPT_SANDBOXING = NO;
				GENERATE_INFOPLIST_FILE = NO;
				INFOPLIST_FILE = MicStatusAI/Info.plist;
				LD_RUNPATH_SEARCH_PATHS = "$(inherited) @executable_path/../Frameworks";
				MARKETING_VERSION = 1.0;
				PRODUCT_BUNDLE_IDENTIFIER = com.disconnecter.MicStatusAI;
				PRODUCT_NAME = "$(TARGET_NAME)";
				SWIFT_EMIT_LOC_STRINGS = YES;
				SWIFT_STRICT_CONCURRENCY = complete;
			};
			name = Debug;
		};
		A80000000000000000000004 /* Release */ = {
			isa = XCBuildConfiguration;
			buildSettings = {
				CODE_SIGN_STYLE = Automatic;
				CURRENT_PROJECT_VERSION = 1;
				DEAD_CODE_STRIPPING = YES;
				ENABLE_HARDENED_RUNTIME = YES;
				ENABLE_USER_SCRIPT_SANDBOXING = NO;
				GENERATE_INFOPLIST_FILE = NO;
				INFOPLIST_FILE = MicStatusAI/Info.plist;
				LD_RUNPATH_SEARCH_PATHS = "$(inherited) @executable_path/../Frameworks";
				MARKETING_VERSION = 1.0;
				PRODUCT_BUNDLE_IDENTIFIER = com.disconnecter.MicStatusAI;
				PRODUCT_NAME = "$(TARGET_NAME)";
				SWIFT_EMIT_LOC_STRINGS = YES;
				SWIFT_STRICT_CONCURRENCY = complete;
			};
			name = Release;
		};
/* End XCBuildConfiguration section */

/* Begin XCConfigurationList section */
		A90000000000000000000001 /* Build configuration list for PBXProject "MicStatusAI" */ = {
			isa = XCConfigurationList;
			buildConfigurations = (
				A80000000000000000000001 /* Debug */,
				A80000000000000000000002 /* Release */,
			);
			defaultConfigurationIsVisible = 0;
			defaultConfigurationName = Release;
		};
		A90000000000000000000002 /* Build configuration list for PBXNativeTarget "MicStatusAI" */ = {
			isa = XCConfigurationList;
			buildConfigurations = (
				A80000000000000000000003 /* Debug */,
				A80000000000000000000004 /* Release */,
			);
			defaultConfigurationIsVisible = 0;
			defaultConfigurationName = Release;
		};
/* End XCConfigurationList section */
	};
	rootObject = A60000000000000000000001 /* Project object */;
}
